# THIS IS AN AUTOGENERATED FILE. DO NOT EDIT THIS FILE DIRECTLY.
# yarn lockfile v1


prettier@2.8.6:
  version "2.8.6"
  resolved "https://registry.yarnpkg.com/prettier/-/prettier-2.8.6.tgz#5c174b29befd507f14b83e3c19f83fdc0e974b71"
  integrity sha512-mtuzdiBbHwPEgl7NxWlqOkithPyp4VN93V7VeHVWBF+ad3I5avc0RVDT4oImXQy9H/AqxA2NSQH8pSxHW6FYbQ==
