# THIS IS AN AUTOGENERATED FILE. DO NOT EDIT THIS FILE DIRECTLY.
# yarn lockfile v1


vue3-marquee@3.0.0-beta:
  version "3.0.0-beta"
  resolved "https://registry.yarnpkg.com/vue3-marquee/-/vue3-marquee-3.0.0-beta.tgz#dc3b26a00d66c405ae482f01d9ee9203d2567594"
  integrity sha512-EH3SgXA6OKKSuAuomjt2rkVqh1ZZSZnQx2KEmO3KPp4VdxIeGyUDcTD69seiSLcvIht2NeRwKHX1jqenot/qIQ==
