# THIS IS AN AUTOGENERATED FILE. DO NOT EDIT THIS FILE DIRECTLY.
# yarn lockfile v1


prettier@2.8.2:
  version "2.8.2"
  resolved "https://registry.yarnpkg.com/prettier/-/prettier-2.8.2.tgz#c4ea1b5b454d7c4b59966db2e06ed7eec5dfd160"
  integrity sha512-BtRV9BcncDyI2tsuS19zzhzoxD8Dh8LiCx7j7tHzrkz8GFXAexeWFdi22mjE1d16dftH2qNaytVxqiRTGlMfpw==
